
Microsoft Visual Studio Solution File, Format Version 12.00
# Visual Studio 15
VisualStudioVersion = 15.0.28307.136
MinimumVisualStudioVersion = 10.0.40219.1
Project("{FAE04EC0-301F-11D3-BF4B-00C04F79EFBC}") = "SziszaDevelopment", "SziszaDevelopment\SziszaDevelopment.csproj", "{3ADB2B08-5B40-4D6D-B1B1-A34E1BFA8C6C}"
EndProject
Global
	GlobalSection(SolutionConfigurationPlatforms) = preSolution
		Debug|Any CPU = Debug|Any CPU
		Release|Any CPU = Release|Any CPU
	EndGlobalSection
	GlobalSection(ProjectConfigurationPlatforms) = postSolution
		{3ADB2B08-5B40-4D6D-B1B1-A34E1BFA8C6C}.Debug|Any CPU.ActiveCfg = Debug|Any CPU
		{3ADB2B08-5B40-4D6D-B1B1-A34E1BFA8C6C}.Debug|Any CPU.Build.0 = Debug|Any CPU
		{3ADB2B08-5B40-4D6D-B1B1-A34E1BFA8C6C}.Release|Any CPU.ActiveCfg = Release|Any CPU
		{3ADB2B08-5B40-4D6D-B1B1-A34E1BFA8C6C}.Release|Any CPU.Build.0 = Release|Any CPU
	EndGlobalSection
	GlobalSection(SolutionProperties) = preSolution
		HideSolutionNode = FALSE
	EndGlobalSection
	GlobalSection(ExtensibilityGlobals) = postSolution
		SolutionGuid = {2E6D0680-DE03-4DBF-81A4-7D567F06180A}
	EndGlobalSection
EndGlobal
